
Microsoft Visual Studio Solution File, Format Version 12.00
# Visual Studio Version 17
VisualStudioVersion = 17.8.34330.188
MinimumVisualStudioVersion = 10.0.40219.1
Project("{2150E333-8FDC-42A3-9474-1A3956D46DE8}") = "src", "src", "{9CA57AC7-960A-48D1-A05A-870E25C70DC3}"
EndProject
Project("{9A19103F-16F7-4668-BE54-9A1E7A4F7556}") = "HR.Api", "src\Presentation\HR.Api\HR.Api.csproj", "{BC14102D-B0C8-4414-BBB6-EE1A1A4FAF46}"
EndProject
Project("{9A19103F-16F7-4668-BE54-9A1E7A4F7556}") = "HR.Domain", "src\Core\HR.Domain\HR.Domain.csproj", "{254CC48D-C7D5-4F6E-A050-7B735985C698}"
EndProject
Project("{9A19103F-16F7-4668-BE54-9A1E7A4F7556}") = "HR.Base", "src\HR.Base\HR.Base.csproj", "{3B597CFC-A343-4137-8104-4D6EBC3573E2}"
EndProject
Project("{2150E333-8FDC-42A3-9474-1A3956D46DE8}") = "Core", "Core", "{D13934B4-2F9E-48E3-8A5D-732B01DC83E4}"
EndProject
Project("{2150E333-8FDC-42A3-9474-1A3956D46DE8}") = "Infrastructure", "Infrastructure", "{A40A908A-A625-4D1D-93F3-C73B98864635}"
EndProject
Project("{2150E333-8FDC-42A3-9474-1A3956D46DE8}") = "Presentation", "Presentation", "{54959F40-D486-4C43-89DB-76E5E3D48137}"
EndProject
Project("{2150E333-8FDC-42A3-9474-1A3956D46DE8}") = "Persistence", "Persistence", "{C6E25DD2-B6DD-4623-8953-BF418A2BB83B}"
EndProject
Project("{9A19103F-16F7-4668-BE54-9A1E7A4F7556}") = "HR.Application", "src\Core\HR.Application\HR.Application.csproj", "{95487F54-1972-442F-ADCC-A030FC4E63EA}"
EndProject
Project("{FAE04EC0-301F-11D3-BF4B-00C04F79EFBC}") = "HR.Persistence", "src\Persistence\HR.Persistence\HR.Persistence.csproj", "{F87DED42-7B9E-4E67-859C-2F0D5D3E5810}"
EndProject
Project("{FAE04EC0-301F-11D3-BF4B-00C04F79EFBC}") = "HR.Schema", "src\Core\HR.Schema\HR.Schema.csproj", "{80175349-26A1-4331-A0BC-5E5E1854298E}"
EndProject
Global
	GlobalSection(SolutionConfigurationPlatforms) = preSolution
		Debug|Any CPU = Debug|Any CPU
		Release|Any CPU = Release|Any CPU
	EndGlobalSection
	GlobalSection(ProjectConfigurationPlatforms) = postSolution
		{BC14102D-B0C8-4414-BBB6-EE1A1A4FAF46}.Debug|Any CPU.ActiveCfg = Debug|Any CPU
		{BC14102D-B0C8-4414-BBB6-EE1A1A4FAF46}.Debug|Any CPU.Build.0 = Debug|Any CPU
		{BC14102D-B0C8-4414-BBB6-EE1A1A4FAF46}.Release|Any CPU.ActiveCfg = Release|Any CPU
		{BC14102D-B0C8-4414-BBB6-EE1A1A4FAF46}.Release|Any CPU.Build.0 = Release|Any CPU
		{254CC48D-C7D5-4F6E-A050-7B735985C698}.Debug|Any CPU.ActiveCfg = Debug|Any CPU
		{254CC48D-C7D5-4F6E-A050-7B735985C698}.Debug|Any CPU.Build.0 = Debug|Any CPU
		{254CC48D-C7D5-4F6E-A050-7B735985C698}.Release|Any CPU.ActiveCfg = Release|Any CPU
		{254CC48D-C7D5-4F6E-A050-7B735985C698}.Release|Any CPU.Build.0 = Release|Any CPU
		{3B597CFC-A343-4137-8104-4D6EBC3573E2}.Debug|Any CPU.ActiveCfg = Debug|Any CPU
		{3B597CFC-A343-4137-8104-4D6EBC3573E2}.Debug|Any CPU.Build.0 = Debug|Any CPU
		{3B597CFC-A343-4137-8104-4D6EBC3573E2}.Release|Any CPU.ActiveCfg = Release|Any CPU
		{3B597CFC-A343-4137-8104-4D6EBC3573E2}.Release|Any CPU.Build.0 = Release|Any CPU
		{95487F54-1972-442F-ADCC-A030FC4E63EA}.Debug|Any CPU.ActiveCfg = Debug|Any CPU
		{95487F54-1972-442F-ADCC-A030FC4E63EA}.Debug|Any CPU.Build.0 = Debug|Any CPU
		{95487F54-1972-442F-ADCC-A030FC4E63EA}.Release|Any CPU.ActiveCfg = Release|Any CPU
		{95487F54-1972-442F-ADCC-A030FC4E63EA}.Release|Any CPU.Build.0 = Release|Any CPU
		{F87DED42-7B9E-4E67-859C-2F0D5D3E5810}.Debug|Any CPU.ActiveCfg = Debug|Any CPU
		{F87DED42-7B9E-4E67-859C-2F0D5D3E5810}.Debug|Any CPU.Build.0 = Debug|Any CPU
		{F87DED42-7B9E-4E67-859C-2F0D5D3E5810}.Release|Any CPU.ActiveCfg = Release|Any CPU
		{F87DED42-7B9E-4E67-859C-2F0D5D3E5810}.Release|Any CPU.Build.0 = Release|Any CPU
		{80175349-26A1-4331-A0BC-5E5E1854298E}.Debug|Any CPU.ActiveCfg = Debug|Any CPU
		{80175349-26A1-4331-A0BC-5E5E1854298E}.Debug|Any CPU.Build.0 = Debug|Any CPU
		{80175349-26A1-4331-A0BC-5E5E1854298E}.Release|Any CPU.ActiveCfg = Release|Any CPU
		{80175349-26A1-4331-A0BC-5E5E1854298E}.Release|Any CPU.Build.0 = Release|Any CPU
	EndGlobalSection
	GlobalSection(SolutionProperties) = preSolution
		HideSolutionNode = FALSE
	EndGlobalSection
	GlobalSection(NestedProjects) = preSolution
		{BC14102D-B0C8-4414-BBB6-EE1A1A4FAF46} = {54959F40-D486-4C43-89DB-76E5E3D48137}
		{254CC48D-C7D5-4F6E-A050-7B735985C698} = {D13934B4-2F9E-48E3-8A5D-732B01DC83E4}
		{3B597CFC-A343-4137-8104-4D6EBC3573E2} = {9CA57AC7-960A-48D1-A05A-870E25C70DC3}
		{D13934B4-2F9E-48E3-8A5D-732B01DC83E4} = {9CA57AC7-960A-48D1-A05A-870E25C70DC3}
		{A40A908A-A625-4D1D-93F3-C73B98864635} = {9CA57AC7-960A-48D1-A05A-870E25C70DC3}
		{54959F40-D486-4C43-89DB-76E5E3D48137} = {9CA57AC7-960A-48D1-A05A-870E25C70DC3}
		{C6E25DD2-B6DD-4623-8953-BF418A2BB83B} = {9CA57AC7-960A-48D1-A05A-870E25C70DC3}
		{95487F54-1972-442F-ADCC-A030FC4E63EA} = {D13934B4-2F9E-48E3-8A5D-732B01DC83E4}
		{F87DED42-7B9E-4E67-859C-2F0D5D3E5810} = {C6E25DD2-B6DD-4623-8953-BF418A2BB83B}
		{80175349-26A1-4331-A0BC-5E5E1854298E} = {D13934B4-2F9E-48E3-8A5D-732B01DC83E4}
	EndGlobalSection
	GlobalSection(ExtensibilityGlobals) = postSolution
		SolutionGuid = {73A0C1FA-61B6-4682-8464-5040D58AEEC1}
	EndGlobalSection
EndGlobal
